
Microsoft Visual Studio Solution File, Format Version 12.00
# Visual Studio 14
VisualStudioVersion = 14.0.25420.1
MinimumVisualStudioVersion = 10.0.40219.1
Project("{FAE04EC0-301F-11D3-BF4B-00C04F79EFBC}") = "01L. Time Since Birthday", "01L. Time Since Birthday\01L. Time Since Birthday.csproj", "{234BA63A-8031-4A00-B0DF-609E3AFFF66D}"
EndProject
Project("{FAE04EC0-301F-11D3-BF4B-00C04F79EFBC}") = "02L. Circle Perimeter", "02L. Circle Perimeter\02L. Circle Perimeter.csproj", "{3247666D-61BC-432A-8285-DC86755BBA19}"
EndProject
Project("{FAE04EC0-301F-11D3-BF4B-00C04F79EFBC}") = "03L. Exact Product of Real Numbers", "03L. Exact Product of Real Numbers\03L. Exact Product of Real Numbers.csproj", "{3741C855-B4F6-4B0E-8DC5-91B2A7DF7E2F}"
EndProject
Project("{FAE04EC0-301F-11D3-BF4B-00C04F79EFBC}") = "04L. Transport", "04L. Transport\04L. Transport.csproj", "{AB298B12-D4C9-48CB-BA5B-982855F8B67F}"
EndProject
Project("{FAE04EC0-301F-11D3-BF4B-00C04F79EFBC}") = "01E. Exchange Variable Values", "01E. Exchange Variable Values\01E. Exchange Variable Values.csproj", "{5DDF73DB-197C-4487-836F-13A6F82EBF4B}"
EndProject
Project("{FAE04EC0-301F-11D3-BF4B-00C04F79EFBC}") = "02E. Float or Integer", "02E. Float or Integer\02E. Float or Integer.csproj", "{0CCEC9E8-552C-4B98-8869-3A29A4D1544E}"
EndProject
Project("{FAE04EC0-301F-11D3-BF4B-00C04F79EFBC}") = "03E. Distance of The Stars", "03E. Distance of The Stars\03E. Distance of The Stars.csproj", "{F1BA1BCC-C3EA-483B-801B-529592692FA0}"
EndProject
Project("{FAE04EC0-301F-11D3-BF4B-00C04F79EFBC}") = "04E. Increment Variable", "04E. Increment Variable\04E. Increment Variable.csproj", "{9C7126D3-9A59-40B1-B60B-4B2848D437FB}"
EndProject
Project("{FAE04EC0-301F-11D3-BF4B-00C04F79EFBC}") = "05E. From Terabytes to Bits", "05E. From Terabytes to Bits\05E. From Terabytes to Bits.csproj", "{E00DB4DE-9DC5-4B10-955E-F0C699C5960B}"
EndProject
Project("{FAE04EC0-301F-11D3-BF4B-00C04F79EFBC}") = "06E. TravelingAtLightSpeed", "06E. TravelingAtLightSpeed\06E. TravelingAtLightSpeed.csproj", "{829336A4-4699-438A-9CB9-7DCC841E020C}"
EndProject
Project("{FAE04EC0-301F-11D3-BF4B-00C04F79EFBC}") = "07E. Triangle Formations", "07E. Triangle Formations\07E. Triangle Formations.csproj", "{9A0E3B4C-5CDD-441F-856D-5D9CE12C3982}"
EndProject
Project("{FAE04EC0-301F-11D3-BF4B-00C04F79EFBC}") = "08E. Data Overflow", "08E. Data Overflow\08E. Data Overflow.csproj", "{1062744B-A245-4645-B175-996AAA419A03}"
EndProject
Global
	GlobalSection(SolutionConfigurationPlatforms) = preSolution
		Debug|Any CPU = Debug|Any CPU
		Release|Any CPU = Release|Any CPU
	EndGlobalSection
	GlobalSection(ProjectConfigurationPlatforms) = postSolution
		{234BA63A-8031-4A00-B0DF-609E3AFFF66D}.Debug|Any CPU.ActiveCfg = Debug|Any CPU
		{234BA63A-8031-4A00-B0DF-609E3AFFF66D}.Debug|Any CPU.Build.0 = Debug|Any CPU
		{234BA63A-8031-4A00-B0DF-609E3AFFF66D}.Release|Any CPU.ActiveCfg = Release|Any CPU
		{234BA63A-8031-4A00-B0DF-609E3AFFF66D}.Release|Any CPU.Build.0 = Release|Any CPU
		{3247666D-61BC-432A-8285-DC86755BBA19}.Debug|Any CPU.ActiveCfg = Debug|Any CPU
		{3247666D-61BC-432A-8285-DC86755BBA19}.Debug|Any CPU.Build.0 = Debug|Any CPU
		{3247666D-61BC-432A-8285-DC86755BBA19}.Release|Any CPU.ActiveCfg = Release|Any CPU
		{3247666D-61BC-432A-8285-DC86755BBA19}.Release|Any CPU.Build.0 = Release|Any CPU
		{3741C855-B4F6-4B0E-8DC5-91B2A7DF7E2F}.Debug|Any CPU.ActiveCfg = Debug|Any CPU
		{3741C855-B4F6-4B0E-8DC5-91B2A7DF7E2F}.Debug|Any CPU.Build.0 = Debug|Any CPU
		{3741C855-B4F6-4B0E-8DC5-91B2A7DF7E2F}.Release|Any CPU.ActiveCfg = Release|Any CPU
		{3741C855-B4F6-4B0E-8DC5-91B2A7DF7E2F}.Release|Any CPU.Build.0 = Release|Any CPU
		{AB298B12-D4C9-48CB-BA5B-982855F8B67F}.Debug|Any CPU.ActiveCfg = Debug|Any CPU
		{AB298B12-D4C9-48CB-BA5B-982855F8B67F}.Debug|Any CPU.Build.0 = Debug|Any CPU
		{AB298B12-D4C9-48CB-BA5B-982855F8B67F}.Release|Any CPU.ActiveCfg = Release|Any CPU
		{AB298B12-D4C9-48CB-BA5B-982855F8B67F}.Release|Any CPU.Build.0 = Release|Any CPU
		{5DDF73DB-197C-4487-836F-13A6F82EBF4B}.Debug|Any CPU.ActiveCfg = Debug|Any CPU
		{5DDF73DB-197C-4487-836F-13A6F82EBF4B}.Debug|Any CPU.Build.0 = Debug|Any CPU
		{5DDF73DB-197C-4487-836F-13A6F82EBF4B}.Release|Any CPU.ActiveCfg = Release|Any CPU
		{5DDF73DB-197C-4487-836F-13A6F82EBF4B}.Release|Any CPU.Build.0 = Release|Any CPU
		{0CCEC9E8-552C-4B98-8869-3A29A4D1544E}.Debug|Any CPU.ActiveCfg = Debug|Any CPU
		{0CCEC9E8-552C-4B98-8869-3A29A4D1544E}.Debug|Any CPU.Build.0 = Debug|Any CPU
		{0CCEC9E8-552C-4B98-8869-3A29A4D1544E}.Release|Any CPU.ActiveCfg = Release|Any CPU
		{0CCEC9E8-552C-4B98-8869-3A29A4D1544E}.Release|Any CPU.Build.0 = Release|Any CPU
		{F1BA1BCC-C3EA-483B-801B-529592692FA0}.Debug|Any CPU.ActiveCfg = Debug|Any CPU
		{F1BA1BCC-C3EA-483B-801B-529592692FA0}.Debug|Any CPU.Build.0 = Debug|Any CPU
		{F1BA1BCC-C3EA-483B-801B-529592692FA0}.Release|Any CPU.ActiveCfg = Release|Any CPU
		{F1BA1BCC-C3EA-483B-801B-529592692FA0}.Release|Any CPU.Build.0 = Release|Any CPU
		{9C7126D3-9A59-40B1-B60B-4B2848D437FB}.Debug|Any CPU.ActiveCfg = Debug|Any CPU
		{9C7126D3-9A59-40B1-B60B-4B2848D437FB}.Debug|Any CPU.Build.0 = Debug|Any CPU
		{9C7126D3-9A59-40B1-B60B-4B2848D437FB}.Release|Any CPU.ActiveCfg = Release|Any CPU
		{9C7126D3-9A59-40B1-B60B-4B2848D437FB}.Release|Any CPU.Build.0 = Release|Any CPU
		{E00DB4DE-9DC5-4B10-955E-F0C699C5960B}.Debug|Any CPU.ActiveCfg = Debug|Any CPU
		{E00DB4DE-9DC5-4B10-955E-F0C699C5960B}.Debug|Any CPU.Build.0 = Debug|Any CPU
		{E00DB4DE-9DC5-4B10-955E-F0C699C5960B}.Release|Any CPU.ActiveCfg = Release|Any CPU
		{E00DB4DE-9DC5-4B10-955E-F0C699C5960B}.Release|Any CPU.Build.0 = Release|Any CPU
		{829336A4-4699-438A-9CB9-7DCC841E020C}.Debug|Any CPU.ActiveCfg = Debug|Any CPU
		{829336A4-4699-438A-9CB9-7DCC841E020C}.Debug|Any CPU.Build.0 = Debug|Any CPU
		{829336A4-4699-438A-9CB9-7DCC841E020C}.Release|Any CPU.ActiveCfg = Release|Any CPU
		{829336A4-4699-438A-9CB9-7DCC841E020C}.Release|Any CPU.Build.0 = Release|Any CPU
		{9A0E3B4C-5CDD-441F-856D-5D9CE12C3982}.Debug|Any CPU.ActiveCfg = Debug|Any CPU
		{9A0E3B4C-5CDD-441F-856D-5D9CE12C3982}.Debug|Any CPU.Build.0 = Debug|Any CPU
		{9A0E3B4C-5CDD-441F-856D-5D9CE12C3982}.Release|Any CPU.ActiveCfg = Release|Any CPU
		{9A0E3B4C-5CDD-441F-856D-5D9CE12C3982}.Release|Any CPU.Build.0 = Release|Any CPU
		{1062744B-A245-4645-B175-996AAA419A03}.Debug|Any CPU.ActiveCfg = Debug|Any CPU
		{1062744B-A245-4645-B175-996AAA419A03}.Debug|Any CPU.Build.0 = Debug|Any CPU
		{1062744B-A245-4645-B175-996AAA419A03}.Release|Any CPU.ActiveCfg = Release|Any CPU
		{1062744B-A245-4645-B175-996AAA419A03}.Release|Any CPU.Build.0 = Release|Any CPU
	EndGlobalSection
	GlobalSection(SolutionProperties) = preSolution
		HideSolutionNode = FALSE
	EndGlobalSection
EndGlobal
